
Microsoft Visual Studio Solution File, Format Version 12.00
# Visual Studio Version 17
VisualStudioVersion = 17.3.32819.101
MinimumVisualStudioVersion = 10.0.40219.1
Project("{888888A0-9F3D-457C-B088-3A5042F75D52}") = "Kadurin Georgi Vigadeparandus2", "Kadurin Georgi Vigadeparandus2.pyproj", "{73E18B2E-063F-45FD-95C1-C258B4B4B6AD}"
EndProject
Global
	GlobalSection(SolutionConfigurationPlatforms) = preSolution
		Debug|Any CPU = Debug|Any CPU
		Release|Any CPU = Release|Any CPU
	EndGlobalSection
	GlobalSection(ProjectConfigurationPlatforms) = postSolution
		{73E18B2E-063F-45FD-95C1-C258B4B4B6AD}.Debug|Any CPU.ActiveCfg = Debug|Any CPU
		{73E18B2E-063F-45FD-95C1-C258B4B4B6AD}.Release|Any CPU.ActiveCfg = Release|Any CPU
	EndGlobalSection
	GlobalSection(SolutionProperties) = preSolution
		HideSolutionNode = FALSE
	EndGlobalSection
	GlobalSection(ExtensibilityGlobals) = postSolution
		SolutionGuid = {41FCC9E0-F850-4D91-B8EB-8F302192247D}
	EndGlobalSection
EndGlobal
